
Microsoft Visual Studio Solution File, Format Version 12.00
# Visual Studio Version 16
VisualStudioVersion = 16.0.32428.217
MinimumVisualStudioVersion = 10.0.40219.1
Project("{FAE04EC0-301F-11D3-BF4B-00C04F79EFBC}") = "API", "API\API.csproj", "{63754627-C41D-4B70-A0A8-5D7BB5418FCC}"
EndProject
Global
	GlobalSection(SolutionConfigurationPlatforms) = preSolution
		Debug|Any CPU = Debug|Any CPU
		Release|Any CPU = Release|Any CPU
	EndGlobalSection
	GlobalSection(ProjectConfigurationPlatforms) = postSolution
		{63754627-C41D-4B70-A0A8-5D7BB5418FCC}.Debug|Any CPU.ActiveCfg = Debug|Any CPU
		{63754627-C41D-4B70-A0A8-5D7BB5418FCC}.Debug|Any CPU.Build.0 = Debug|Any CPU
		{63754627-C41D-4B70-A0A8-5D7BB5418FCC}.Release|Any CPU.ActiveCfg = Release|Any CPU
		{63754627-C41D-4B70-A0A8-5D7BB5418FCC}.Release|Any CPU.Build.0 = Release|Any CPU
	EndGlobalSection
	GlobalSection(SolutionProperties) = preSolution
		HideSolutionNode = FALSE
	EndGlobalSection
	GlobalSection(ExtensibilityGlobals) = postSolution
		SolutionGuid = {5E60F0DA-996D-405B-A10F-5480850D8585}
	EndGlobalSection
EndGlobal
